
Microsoft Visual Studio Solution File, Format Version 12.00
# Visual Studio 2013
VisualStudioVersion = 12.0.30501.0
MinimumVisualStudioVersion = 10.0.40219.1
Project("{2150E333-8FDC-42A3-9474-1A3956D46DE8}") = "Solution Items", "Solution Items", "{773414A2-F299-410C-9983-7D9857B81312}"
	ProjectSection(SolutionItems) = preProject
		Local.testsettings = Local.testsettings
		ReliDemo.vsmdi = ReliDemo.vsmdi
		TraceAndTestImpact.testsettings = TraceAndTestImpact.testsettings
	EndProjectSection
EndProject
Project("{FAE04EC0-301F-11D3-BF4B-00C04F79EFBC}") = "ReliDemo", "ReliDemo\ReliDemo.csproj", "{AB9560E8-C3D8-449F-94D5-689EFB137352}"
EndProject
Project("{FAE04EC0-301F-11D3-BF4B-00C04F79EFBC}") = "ReliWebService", "ReliWebService\ReliWebService.csproj", "{76A8D9D6-47BC-4353-ABAB-1485B83ACA08}"
EndProject
Project("{FAE04EC0-301F-11D3-BF4B-00C04F79EFBC}") = "DailyReportConsoleApplication", "DailyReportConsoleApplication\DailyReportConsoleApplication.csproj", "{D29EC348-7D7F-4FBB-B471-EC133A27F8E9}"
EndProject
Project("{FAE04EC0-301F-11D3-BF4B-00C04F79EFBC}") = "ReliTest", "ReliTest\ReliTest.csproj", "{10CC432D-71C7-48EA-8DC7-4436F2388F18}"
EndProject
Project("{FAE04EC0-301F-11D3-BF4B-00C04F79EFBC}") = "ReliMobileAdmin", "ReliMobileAdmin\ReliMobileAdmin.csproj", "{2557AFE0-4487-4312-B546-F790E08EC8A8}"
EndProject
Project("{6141683F-8A12-4E36-9623-2EB02B2C2303}") = "DailyReportConsoleApplicationSetupV2", "DailyReportConsoleApplicationSetupV2\DailyReportConsoleApplicationSetupV2.isproj", "{EAA03AA0-3A97-4A15-B964-AB76ECA795EA}"
	ProjectSection(ProjectDependencies) = postProject
		{D29EC348-7D7F-4FBB-B471-EC133A27F8E9} = {D29EC348-7D7F-4FBB-B471-EC133A27F8E9}
	EndProjectSection
EndProject
Global
	GlobalSection(SolutionConfigurationPlatforms) = preSolution
		CD_ROM|Any CPU = CD_ROM|Any CPU
		CD_ROM|Mixed Platforms = CD_ROM|Mixed Platforms
		CD_ROM|x86 = CD_ROM|x86
		Debug|Any CPU = Debug|Any CPU
		Debug|Mixed Platforms = Debug|Mixed Platforms
		Debug|x86 = Debug|x86
		DVD-5|Any CPU = DVD-5|Any CPU
		DVD-5|Mixed Platforms = DVD-5|Mixed Platforms
		DVD-5|x86 = DVD-5|x86
		Release|Any CPU = Release|Any CPU
		Release|Mixed Platforms = Release|Mixed Platforms
		Release|x86 = Release|x86
		SingleImage|Any CPU = SingleImage|Any CPU
		SingleImage|Mixed Platforms = SingleImage|Mixed Platforms
		SingleImage|x86 = SingleImage|x86
		Test|Any CPU = Test|Any CPU
		Test|Mixed Platforms = Test|Mixed Platforms
		Test|x86 = Test|x86
	EndGlobalSection
	GlobalSection(ProjectConfigurationPlatforms) = postSolution
		{AB9560E8-C3D8-449F-94D5-689EFB137352}.CD_ROM|Any CPU.ActiveCfg = Release|Any CPU
		{AB9560E8-C3D8-449F-94D5-689EFB137352}.CD_ROM|Any CPU.Build.0 = Release|Any CPU
		{AB9560E8-C3D8-449F-94D5-689EFB137352}.CD_ROM|Mixed Platforms.ActiveCfg = Release|Any CPU
		{AB9560E8-C3D8-449F-94D5-689EFB137352}.CD_ROM|Mixed Platforms.Build.0 = Release|Any CPU
		{AB9560E8-C3D8-449F-94D5-689EFB137352}.CD_ROM|x86.ActiveCfg = Release|Any CPU
		{AB9560E8-C3D8-449F-94D5-689EFB137352}.Debug|Any CPU.ActiveCfg = Debug|Any CPU
		{AB9560E8-C3D8-449F-94D5-689EFB137352}.Debug|Any CPU.Build.0 = Debug|Any CPU
		{AB9560E8-C3D8-449F-94D5-689EFB137352}.Debug|Mixed Platforms.ActiveCfg = Debug|Any CPU
		{AB9560E8-C3D8-449F-94D5-689EFB137352}.Debug|Mixed Platforms.Build.0 = Debug|Any CPU
		{AB9560E8-C3D8-449F-94D5-689EFB137352}.Debug|x86.ActiveCfg = Debug|Any CPU
		{AB9560E8-C3D8-449F-94D5-689EFB137352}.DVD-5|Any CPU.ActiveCfg = Debug|Any CPU
		{AB9560E8-C3D8-449F-94D5-689EFB137352}.DVD-5|Any CPU.Build.0 = Debug|Any CPU
		{AB9560E8-C3D8-449F-94D5-689EFB137352}.DVD-5|Mixed Platforms.ActiveCfg = Debug|Any CPU
		{AB9560E8-C3D8-449F-94D5-689EFB137352}.DVD-5|Mixed Platforms.Build.0 = Debug|Any CPU
		{AB9560E8-C3D8-449F-94D5-689EFB137352}.DVD-5|x86.ActiveCfg = Debug|Any CPU
		{AB9560E8-C3D8-449F-94D5-689EFB137352}.Release|Any CPU.ActiveCfg = Release|Any CPU
		{AB9560E8-C3D8-449F-94D5-689EFB137352}.Release|Any CPU.Build.0 = Release|Any CPU
		{AB9560E8-C3D8-449F-94D5-689EFB137352}.Release|Mixed Platforms.ActiveCfg = Release|Any CPU
		{AB9560E8-C3D8-449F-94D5-689EFB137352}.Release|Mixed Platforms.Build.0 = Release|Any CPU
		{AB9560E8-C3D8-449F-94D5-689EFB137352}.Release|x86.ActiveCfg = Release|Any CPU
		{AB9560E8-C3D8-449F-94D5-689EFB137352}.SingleImage|Any CPU.ActiveCfg = Release|Any CPU
		{AB9560E8-C3D8-449F-94D5-689EFB137352}.SingleImage|Any CPU.Build.0 = Release|Any CPU
		{AB9560E8-C3D8-449F-94D5-689EFB137352}.SingleImage|Mixed Platforms.ActiveCfg = Release|Any CPU
		{AB9560E8-C3D8-449F-94D5-689EFB137352}.SingleImage|Mixed Platforms.Build.0 = Release|Any CPU
		{AB9560E8-C3D8-449F-94D5-689EFB137352}.SingleImage|x86.ActiveCfg = Release|Any CPU
		{AB9560E8-C3D8-449F-94D5-689EFB137352}.Test|Any CPU.ActiveCfg = Debug|Any CPU
		{AB9560E8-C3D8-449F-94D5-689EFB137352}.Test|Any CPU.Build.0 = Debug|Any CPU
		{AB9560E8-C3D8-449F-94D5-689EFB137352}.Test|Mixed Platforms.ActiveCfg = Release|Any CPU
		{AB9560E8-C3D8-449F-94D5-689EFB137352}.Test|Mixed Platforms.Build.0 = Release|Any CPU
		{AB9560E8-C3D8-449F-94D5-689EFB137352}.Test|x86.ActiveCfg = Release|Any CPU
		{76A8D9D6-47BC-4353-ABAB-1485B83ACA08}.CD_ROM|Any CPU.ActiveCfg = Release|Any CPU
		{76A8D9D6-47BC-4353-ABAB-1485B83ACA08}.CD_ROM|Any CPU.Build.0 = Release|Any CPU
		{76A8D9D6-47BC-4353-ABAB-1485B83ACA08}.CD_ROM|Mixed Platforms.ActiveCfg = Release|Any CPU
		{76A8D9D6-47BC-4353-ABAB-1485B83ACA08}.CD_ROM|Mixed Platforms.Build.0 = Release|Any CPU
		{76A8D9D6-47BC-4353-ABAB-1485B83ACA08}.CD_ROM|x86.ActiveCfg = Release|Any CPU
		{76A8D9D6-47BC-4353-ABAB-1485B83ACA08}.Debug|Any CPU.ActiveCfg = Debug|Any CPU
		{76A8D9D6-47BC-4353-ABAB-1485B83ACA08}.Debug|Any CPU.Build.0 = Debug|Any CPU
		{76A8D9D6-47BC-4353-ABAB-1485B83ACA08}.Debug|Mixed Platforms.ActiveCfg = Debug|Any CPU
		{76A8D9D6-47BC-4353-ABAB-1485B83ACA08}.Debug|Mixed Platforms.Build.0 = Debug|Any CPU
		{76A8D9D6-47BC-4353-ABAB-1485B83ACA08}.Debug|x86.ActiveCfg = Debug|Any CPU
		{76A8D9D6-47BC-4353-ABAB-1485B83ACA08}.DVD-5|Any CPU.ActiveCfg = Debug|Any CPU
		{76A8D9D6-47BC-4353-ABAB-1485B83ACA08}.DVD-5|Any CPU.Build.0 = Debug|Any CPU
		{76A8D9D6-47BC-4353-ABAB-1485B83ACA08}.DVD-5|Mixed Platforms.ActiveCfg = Debug|Any CPU
		{76A8D9D6-47BC-4353-ABAB-1485B83ACA08}.DVD-5|Mixed Platforms.Build.0 = Debug|Any CPU
		{76A8D9D6-47BC-4353-ABAB-1485B83ACA08}.DVD-5|x86.ActiveCfg = Debug|Any CPU
		{76A8D9D6-47BC-4353-ABAB-1485B83ACA08}.Release|Any CPU.ActiveCfg = Release|Any CPU
		{76A8D9D6-47BC-4353-ABAB-1485B83ACA08}.Release|Any CPU.Build.0 = Release|Any CPU
		{76A8D9D6-47BC-4353-ABAB-1485B83ACA08}.Release|Mixed Platforms.ActiveCfg = Release|Any CPU
		{76A8D9D6-47BC-4353-ABAB-1485B83ACA08}.Release|Mixed Platforms.Build.0 = Release|Any CPU
		{76A8D9D6-47BC-4353-ABAB-1485B83ACA08}.Release|x86.ActiveCfg = Release|Any CPU
		{76A8D9D6-47BC-4353-ABAB-1485B83ACA08}.SingleImage|Any CPU.ActiveCfg = Release|Any CPU
		{76A8D9D6-47BC-4353-ABAB-1485B83ACA08}.SingleImage|Any CPU.Build.0 = Release|Any CPU
		{76A8D9D6-47BC-4353-ABAB-1485B83ACA08}.SingleImage|Mixed Platforms.ActiveCfg = Release|Any CPU
		{76A8D9D6-47BC-4353-ABAB-1485B83ACA08}.SingleImage|Mixed Platforms.Build.0 = Release|Any CPU
		{76A8D9D6-47BC-4353-ABAB-1485B83ACA08}.SingleImage|x86.ActiveCfg = Release|Any CPU
		{76A8D9D6-47BC-4353-ABAB-1485B83ACA08}.Test|Any CPU.ActiveCfg = Debug|Any CPU
		{76A8D9D6-47BC-4353-ABAB-1485B83ACA08}.Test|Any CPU.Build.0 = Debug|Any CPU
		{76A8D9D6-47BC-4353-ABAB-1485B83ACA08}.Test|Mixed Platforms.ActiveCfg = Release|Any CPU
		{76A8D9D6-47BC-4353-ABAB-1485B83ACA08}.Test|Mixed Platforms.Build.0 = Release|Any CPU
		{76A8D9D6-47BC-4353-ABAB-1485B83ACA08}.Test|x86.ActiveCfg = Release|Any CPU
		{D29EC348-7D7F-4FBB-B471-EC133A27F8E9}.CD_ROM|Any CPU.ActiveCfg = Release|x86
		{D29EC348-7D7F-4FBB-B471-EC133A27F8E9}.CD_ROM|Mixed Platforms.ActiveCfg = Release|x86
		{D29EC348-7D7F-4FBB-B471-EC133A27F8E9}.CD_ROM|Mixed Platforms.Build.0 = Release|x86
		{D29EC348-7D7F-4FBB-B471-EC133A27F8E9}.CD_ROM|x86.ActiveCfg = Release|x86
		{D29EC348-7D7F-4FBB-B471-EC133A27F8E9}.CD_ROM|x86.Build.0 = Release|x86
		{D29EC348-7D7F-4FBB-B471-EC133A27F8E9}.Debug|Any CPU.ActiveCfg = Debug|x86
		{D29EC348-7D7F-4FBB-B471-EC133A27F8E9}.Debug|Mixed Platforms.ActiveCfg = Debug|x86
		{D29EC348-7D7F-4FBB-B471-EC133A27F8E9}.Debug|Mixed Platforms.Build.0 = Debug|x86
		{D29EC348-7D7F-4FBB-B471-EC133A27F8E9}.Debug|x86.ActiveCfg = Debug|x86
		{D29EC348-7D7F-4FBB-B471-EC133A27F8E9}.Debug|x86.Build.0 = Debug|x86
		{D29EC348-7D7F-4FBB-B471-EC133A27F8E9}.DVD-5|Any CPU.ActiveCfg = Debug|x86
		{D29EC348-7D7F-4FBB-B471-EC133A27F8E9}.DVD-5|Mixed Platforms.ActiveCfg = Debug|x86
		{D29EC348-7D7F-4FBB-B471-EC133A27F8E9}.DVD-5|Mixed Platforms.Build.0 = Debug|x86
		{D29EC348-7D7F-4FBB-B471-EC133A27F8E9}.DVD-5|x86.ActiveCfg = Debug|x86
		{D29EC348-7D7F-4FBB-B471-EC133A27F8E9}.DVD-5|x86.Build.0 = Debug|x86
		{D29EC348-7D7F-4FBB-B471-EC133A27F8E9}.Release|Any CPU.ActiveCfg = Release|x86
		{D29EC348-7D7F-4FBB-B471-EC133A27F8E9}.Release|Mixed Platforms.ActiveCfg = Release|x86
		{D29EC348-7D7F-4FBB-B471-EC133A27F8E9}.Release|Mixed Platforms.Build.0 = Release|x86
		{D29EC348-7D7F-4FBB-B471-EC133A27F8E9}.Release|x86.ActiveCfg = Release|x86
		{D29EC348-7D7F-4FBB-B471-EC133A27F8E9}.Release|x86.Build.0 = Release|x86
		{D29EC348-7D7F-4FBB-B471-EC133A27F8E9}.SingleImage|Any CPU.ActiveCfg = Release|x86
		{D29EC348-7D7F-4FBB-B471-EC133A27F8E9}.SingleImage|Mixed Platforms.ActiveCfg = Release|x86
		{D29EC348-7D7F-4FBB-B471-EC133A27F8E9}.SingleImage|Mixed Platforms.Build.0 = Release|x86
		{D29EC348-7D7F-4FBB-B471-EC133A27F8E9}.SingleImage|x86.ActiveCfg = Release|x86
		{D29EC348-7D7F-4FBB-B471-EC133A27F8E9}.SingleImage|x86.Build.0 = Release|x86
		{D29EC348-7D7F-4FBB-B471-EC133A27F8E9}.Test|Any CPU.ActiveCfg = Release|x86
		{D29EC348-7D7F-4FBB-B471-EC133A27F8E9}.Test|Mixed Platforms.ActiveCfg = Release|x86
		{D29EC348-7D7F-4FBB-B471-EC133A27F8E9}.Test|Mixed Platforms.Build.0 = Release|x86
		{D29EC348-7D7F-4FBB-B471-EC133A27F8E9}.Test|x86.ActiveCfg = Release|x86
		{D29EC348-7D7F-4FBB-B471-EC133A27F8E9}.Test|x86.Build.0 = Release|x86
		{10CC432D-71C7-48EA-8DC7-4436F2388F18}.CD_ROM|Any CPU.ActiveCfg = Release|Any CPU
		{10CC432D-71C7-48EA-8DC7-4436F2388F18}.CD_ROM|Any CPU.Build.0 = Release|Any CPU
		{10CC432D-71C7-48EA-8DC7-4436F2388F18}.CD_ROM|Mixed Platforms.ActiveCfg = Release|Any CPU
		{10CC432D-71C7-48EA-8DC7-4436F2388F18}.CD_ROM|Mixed Platforms.Build.0 = Release|Any CPU
		{10CC432D-71C7-48EA-8DC7-4436F2388F18}.CD_ROM|x86.ActiveCfg = Release|Any CPU
		{10CC432D-71C7-48EA-8DC7-4436F2388F18}.Debug|Any CPU.ActiveCfg = Debug|Any CPU
		{10CC432D-71C7-48EA-8DC7-4436F2388F18}.Debug|Any CPU.Build.0 = Debug|Any CPU
		{10CC432D-71C7-48EA-8DC7-4436F2388F18}.Debug|Mixed Platforms.ActiveCfg = Debug|Any CPU
		{10CC432D-71C7-48EA-8DC7-4436F2388F18}.Debug|Mixed Platforms.Build.0 = Debug|Any CPU
		{10CC432D-71C7-48EA-8DC7-4436F2388F18}.Debug|x86.ActiveCfg = Debug|Any CPU
		{10CC432D-71C7-48EA-8DC7-4436F2388F18}.DVD-5|Any CPU.ActiveCfg = Debug|Any CPU
		{10CC432D-71C7-48EA-8DC7-4436F2388F18}.DVD-5|Any CPU.Build.0 = Debug|Any CPU
		{10CC432D-71C7-48EA-8DC7-4436F2388F18}.DVD-5|Mixed Platforms.ActiveCfg = Debug|Any CPU
		{10CC432D-71C7-48EA-8DC7-4436F2388F18}.DVD-5|Mixed Platforms.Build.0 = Debug|Any CPU
		{10CC432D-71C7-48EA-8DC7-4436F2388F18}.DVD-5|x86.ActiveCfg = Debug|Any CPU
		{10CC432D-71C7-48EA-8DC7-4436F2388F18}.Release|Any CPU.ActiveCfg = Release|Any CPU
		{10CC432D-71C7-48EA-8DC7-4436F2388F18}.Release|Any CPU.Build.0 = Release|Any CPU
		{10CC432D-71C7-48EA-8DC7-4436F2388F18}.Release|Mixed Platforms.ActiveCfg = Release|Any CPU
		{10CC432D-71C7-48EA-8DC7-4436F2388F18}.Release|Mixed Platforms.Build.0 = Release|Any CPU
		{10CC432D-71C7-48EA-8DC7-4436F2388F18}.Release|x86.ActiveCfg = Release|Any CPU
		{10CC432D-71C7-48EA-8DC7-4436F2388F18}.SingleImage|Any CPU.ActiveCfg = Release|Any CPU
		{10CC432D-71C7-48EA-8DC7-4436F2388F18}.SingleImage|Any CPU.Build.0 = Release|Any CPU
		{10CC432D-71C7-48EA-8DC7-4436F2388F18}.SingleImage|Mixed Platforms.ActiveCfg = Release|Any CPU
		{10CC432D-71C7-48EA-8DC7-4436F2388F18}.SingleImage|Mixed Platforms.Build.0 = Release|Any CPU
		{10CC432D-71C7-48EA-8DC7-4436F2388F18}.SingleImage|x86.ActiveCfg = Release|Any CPU
		{10CC432D-71C7-48EA-8DC7-4436F2388F18}.Test|Any CPU.ActiveCfg = Release|Any CPU
		{10CC432D-71C7-48EA-8DC7-4436F2388F18}.Test|Any CPU.Build.0 = Release|Any CPU
		{10CC432D-71C7-48EA-8DC7-4436F2388F18}.Test|Mixed Platforms.ActiveCfg = Release|Any CPU
		{10CC432D-71C7-48EA-8DC7-4436F2388F18}.Test|Mixed Platforms.Build.0 = Release|Any CPU
		{10CC432D-71C7-48EA-8DC7-4436F2388F18}.Test|x86.ActiveCfg = Release|Any CPU
		{2557AFE0-4487-4312-B546-F790E08EC8A8}.CD_ROM|Any CPU.ActiveCfg = Release|Any CPU
		{2557AFE0-4487-4312-B546-F790E08EC8A8}.CD_ROM|Any CPU.Build.0 = Release|Any CPU
		{2557AFE0-4487-4312-B546-F790E08EC8A8}.CD_ROM|Mixed Platforms.ActiveCfg = Release|Any CPU
		{2557AFE0-4487-4312-B546-F790E08EC8A8}.CD_ROM|Mixed Platforms.Build.0 = Release|Any CPU
		{2557AFE0-4487-4312-B546-F790E08EC8A8}.CD_ROM|x86.ActiveCfg = Release|Any CPU
		{2557AFE0-4487-4312-B546-F790E08EC8A8}.Debug|Any CPU.ActiveCfg = Debug|Any CPU
		{2557AFE0-4487-4312-B546-F790E08EC8A8}.Debug|Any CPU.Build.0 = Debug|Any CPU
		{2557AFE0-4487-4312-B546-F790E08EC8A8}.Debug|Mixed Platforms.ActiveCfg = Debug|Any CPU
		{2557AFE0-4487-4312-B546-F790E08EC8A8}.Debug|Mixed Platforms.Build.0 = Debug|Any CPU
		{2557AFE0-4487-4312-B546-F790E08EC8A8}.Debug|x86.ActiveCfg = Debug|Any CPU
		{2557AFE0-4487-4312-B546-F790E08EC8A8}.DVD-5|Any CPU.ActiveCfg = Debug|Any CPU
		{2557AFE0-4487-4312-B546-F790E08EC8A8}.DVD-5|Any CPU.Build.0 = Debug|Any CPU
		{2557AFE0-4487-4312-B546-F790E08EC8A8}.DVD-5|Mixed Platforms.ActiveCfg = Debug|Any CPU
		{2557AFE0-4487-4312-B546-F790E08EC8A8}.DVD-5|Mixed Platforms.Build.0 = Debug|Any CPU
		{2557AFE0-4487-4312-B546-F790E08EC8A8}.DVD-5|x86.ActiveCfg = Debug|Any CPU
		{2557AFE0-4487-4312-B546-F790E08EC8A8}.Release|Any CPU.ActiveCfg = Release|Any CPU
		{2557AFE0-4487-4312-B546-F790E08EC8A8}.Release|Any CPU.Build.0 = Release|Any CPU
		{2557AFE0-4487-4312-B546-F790E08EC8A8}.Release|Mixed Platforms.ActiveCfg = Release|Any CPU
		{2557AFE0-4487-4312-B546-F790E08EC8A8}.Release|Mixed Platforms.Build.0 = Release|Any CPU
		{2557AFE0-4487-4312-B546-F790E08EC8A8}.Release|x86.ActiveCfg = Release|Any CPU
		{2557AFE0-4487-4312-B546-F790E08EC8A8}.SingleImage|Any CPU.ActiveCfg = Release|Any CPU
		{2557AFE0-4487-4312-B546-F790E08EC8A8}.SingleImage|Any CPU.Build.0 = Release|Any CPU
		{2557AFE0-4487-4312-B546-F790E08EC8A8}.SingleImage|Mixed Platforms.ActiveCfg = Release|Any CPU
		{2557AFE0-4487-4312-B546-F790E08EC8A8}.SingleImage|Mixed Platforms.Build.0 = Release|Any CPU
		{2557AFE0-4487-4312-B546-F790E08EC8A8}.SingleImage|x86.ActiveCfg = Release|Any CPU
		{2557AFE0-4487-4312-B546-F790E08EC8A8}.Test|Any CPU.ActiveCfg = Release|Any CPU
		{2557AFE0-4487-4312-B546-F790E08EC8A8}.Test|Any CPU.Build.0 = Release|Any CPU
		{2557AFE0-4487-4312-B546-F790E08EC8A8}.Test|Mixed Platforms.ActiveCfg = Release|Any CPU
		{2557AFE0-4487-4312-B546-F790E08EC8A8}.Test|Mixed Platforms.Build.0 = Release|Any CPU
		{2557AFE0-4487-4312-B546-F790E08EC8A8}.Test|x86.ActiveCfg = Release|Any CPU
		{EAA03AA0-3A97-4A15-B964-AB76ECA795EA}.CD_ROM|Any CPU.ActiveCfg = CD_ROM
		{EAA03AA0-3A97-4A15-B964-AB76ECA795EA}.CD_ROM|Any CPU.Build.0 = CD_ROM
		{EAA03AA0-3A97-4A15-B964-AB76ECA795EA}.CD_ROM|Mixed Platforms.ActiveCfg = CD_ROM
		{EAA03AA0-3A97-4A15-B964-AB76ECA795EA}.CD_ROM|Mixed Platforms.Build.0 = CD_ROM
		{EAA03AA0-3A97-4A15-B964-AB76ECA795EA}.CD_ROM|x86.ActiveCfg = CD_ROM
		{EAA03AA0-3A97-4A15-B964-AB76ECA795EA}.CD_ROM|x86.Build.0 = CD_ROM
		{EAA03AA0-3A97-4A15-B964-AB76ECA795EA}.Debug|Any CPU.ActiveCfg = DVD-5
		{EAA03AA0-3A97-4A15-B964-AB76ECA795EA}.Debug|Any CPU.Build.0 = DVD-5
		{EAA03AA0-3A97-4A15-B964-AB76ECA795EA}.Debug|Mixed Platforms.ActiveCfg = DVD-5
		{EAA03AA0-3A97-4A15-B964-AB76ECA795EA}.Debug|Mixed Platforms.Build.0 = DVD-5
		{EAA03AA0-3A97-4A15-B964-AB76ECA795EA}.Debug|x86.ActiveCfg = DVD-5
		{EAA03AA0-3A97-4A15-B964-AB76ECA795EA}.Debug|x86.Build.0 = DVD-5
		{EAA03AA0-3A97-4A15-B964-AB76ECA795EA}.DVD-5|Any CPU.ActiveCfg = DVD-5
		{EAA03AA0-3A97-4A15-B964-AB76ECA795EA}.DVD-5|Any CPU.Build.0 = DVD-5
		{EAA03AA0-3A97-4A15-B964-AB76ECA795EA}.DVD-5|Mixed Platforms.ActiveCfg = DVD-5
		{EAA03AA0-3A97-4A15-B964-AB76ECA795EA}.DVD-5|Mixed Platforms.Build.0 = DVD-5
		{EAA03AA0-3A97-4A15-B964-AB76ECA795EA}.DVD-5|x86.ActiveCfg = DVD-5
		{EAA03AA0-3A97-4A15-B964-AB76ECA795EA}.DVD-5|x86.Build.0 = DVD-5
		{EAA03AA0-3A97-4A15-B964-AB76ECA795EA}.Release|Any CPU.ActiveCfg = SingleImage
		{EAA03AA0-3A97-4A15-B964-AB76ECA795EA}.Release|Any CPU.Build.0 = SingleImage
		{EAA03AA0-3A97-4A15-B964-AB76ECA795EA}.Release|Mixed Platforms.ActiveCfg = SingleImage
		{EAA03AA0-3A97-4A15-B964-AB76ECA795EA}.Release|Mixed Platforms.Build.0 = SingleImage
		{EAA03AA0-3A97-4A15-B964-AB76ECA795EA}.Release|x86.ActiveCfg = SingleImage
		{EAA03AA0-3A97-4A15-B964-AB76ECA795EA}.Release|x86.Build.0 = SingleImage
		{EAA03AA0-3A97-4A15-B964-AB76ECA795EA}.SingleImage|Any CPU.ActiveCfg = SingleImage
		{EAA03AA0-3A97-4A15-B964-AB76ECA795EA}.SingleImage|Any CPU.Build.0 = SingleImage
		{EAA03AA0-3A97-4A15-B964-AB76ECA795EA}.SingleImage|Mixed Platforms.ActiveCfg = SingleImage
		{EAA03AA0-3A97-4A15-B964-AB76ECA795EA}.SingleImage|Mixed Platforms.Build.0 = SingleImage
		{EAA03AA0-3A97-4A15-B964-AB76ECA795EA}.SingleImage|x86.ActiveCfg = SingleImage
		{EAA03AA0-3A97-4A15-B964-AB76ECA795EA}.SingleImage|x86.Build.0 = SingleImage
		{EAA03AA0-3A97-4A15-B964-AB76ECA795EA}.Test|Any CPU.ActiveCfg = SingleImage
		{EAA03AA0-3A97-4A15-B964-AB76ECA795EA}.Test|Any CPU.Build.0 = SingleImage
		{EAA03AA0-3A97-4A15-B964-AB76ECA795EA}.Test|Mixed Platforms.ActiveCfg = SingleImage
		{EAA03AA0-3A97-4A15-B964-AB76ECA795EA}.Test|Mixed Platforms.Build.0 = SingleImage
		{EAA03AA0-3A97-4A15-B964-AB76ECA795EA}.Test|x86.ActiveCfg = SingleImage
		{EAA03AA0-3A97-4A15-B964-AB76ECA795EA}.Test|x86.Build.0 = SingleImage
	EndGlobalSection
	GlobalSection(SolutionProperties) = preSolution
		HideSolutionNode = FALSE
	EndGlobalSection
	GlobalSection(TestCaseManagementSettings) = postSolution
		CategoryFile = ReliDemo.vsmdi
	EndGlobalSection
EndGlobal
